// !$*UTF8*$!
{
	archiveVersion = 1;
	classes = {
	};
	objectVersion = 46;
	objects = {

/* Begin PBXBuildFile section */
		4305D8206EF4402AAE23FD83 /* libPods.a in Frameworks */ = {isa = PBXBuildFile; fileRef = E8A4F55B45014760B8A0B726 /* libPods.a */; };
		52D97A0B1937809400AB8583 /* Foundation.framework in Frameworks */ = {isa = PBXBuildFile; fileRef = 52D97A0A1937809400AB8583 /* Foundation.framework */; };
		52D97A0D1937809400AB8583 /* CoreGraphics.framework in Frameworks */ = {isa = PBXBuildFile; fileRef = 52D97A0C1937809400AB8583 /* CoreGraphics.framework */; };
		52D97A0F1937809400AB8583 /* UIKit.framework in Frameworks */ = {isa = PBXBuildFile; fileRef = 52D97A0E1937809400AB8583 /* UIKit.framework */; };
		52D97A151937809500AB8583 /* InfoPlist.strings in Resources */ = {isa = PBXBuildFile; fileRef = 52D97A131937809500AB8583 /* InfoPlist.strings */; };
		52D97A171937809500AB8583 /* main.m in Sources */ = {isa = PBXBuildFile; fileRef = 52D97A161937809500AB8583 /* main.m */; };
		52D97A1B1937809500AB8583 /* AppDelegate.m in Sources */ = {isa = PBXBuildFile; fileRef = 52D97A1A1937809500AB8583 /* AppDelegate.m */; };
		52D97A1E1937809500AB8583 /* Main.storyboard in Resources */ = {isa = PBXBuildFile; fileRef = 52D97A1C1937809500AB8583 /* Main.storyboard */; };
		52D97A211937809500AB8583 /* ViewController.m in Sources */ = {isa = PBXBuildFile; fileRef = 52D97A201937809500AB8583 /* ViewController.m */; };
		52D97A231937809600AB8583 /* Images.xcassets in Resources */ = {isa = PBXBuildFile; fileRef = 52D97A221937809600AB8583 /* Images.xcassets */; };
		52D97A2A1937809700AB8583 /* XCTest.framework in Frameworks */ = {isa = PBXBuildFile; fileRef = 52D97A291937809700AB8583 /* XCTest.framework */; };
		52D97A2B1937809700AB8583 /* Foundation.framework in Frameworks */ = {isa = PBXBuildFile; fileRef = 52D97A0A1937809400AB8583 /* Foundation.framework */; };
		52D97A2C1937809700AB8583 /* UIKit.framework in Frameworks */ = {isa = PBXBuildFile; fileRef = 52D97A0E1937809400AB8583 /* UIKit.framework */; };
		52D97A341937809700AB8583 /* InfoPlist.strings in Resources */ = {isa = PBXBuildFile; fileRef = 52D97A321937809700AB8583 /* InfoPlist.strings */; };
		52D97A361937809700AB8583 /* AdsWizzManagerDemoTests.m in Sources */ = {isa = PBXBuildFile; fileRef = 52D97A351937809700AB8583 /* AdsWizzManagerDemoTests.m */; };
		52ED88D0193DC2E800036951 /* AVFoundation.framework in Frameworks */ = {isa = PBXBuildFile; fileRef = 52ED88CF193DC2E800036951 /* AVFoundation.framework */; };
/* End PBXBuildFile section */

/* Begin PBXContainerItemProxy section */
		52D97A2D1937809700AB8583 /* PBXContainerItemProxy */ = {
			isa = PBXContainerItemProxy;
			containerPortal = 52D979FF1937809100AB8583 /* Project object */;
			proxyType = 1;
			remoteGlobalIDString = 52D97A061937809300AB8583;
			remoteInfo = AdsWizzManagerDemo;
		};
/* End PBXContainerItemProxy section */

/* Begin PBXFileReference section */
		48627A8EF8624282BB9B1131 /* Pods.xcconfig */ = {isa = PBXFileReference; includeInIndex = 1; lastKnownFileType = text.xcconfig; name = Pods.xcconfig; path = Pods/Pods.xcconfig; sourceTree = "<group>"; };
		52D97A071937809400AB8583 /* AdsWizzManagerDemo.app */ = {isa = PBXFileReference; explicitFileType = wrapper.application; includeInIndex = 0; path = AdsWizzManagerDemo.app; sourceTree = BUILT_PRODUCTS_DIR; };
		52D97A0A1937809400AB8583 /* Foundation.framework */ = {isa = PBXFileReference; lastKnownFileType = wrapper.framework; name = Foundation.framework; path = System/Library/Frameworks/Foundation.framework; sourceTree = SDKROOT; };
		52D97A0C1937809400AB8583 /* CoreGraphics.framework */ = {isa = PBXFileReference; lastKnownFileType = wrapper.framework; name = CoreGraphics.framework; path = System/Library/Frameworks/CoreGraphics.framework; sourceTree = SDKROOT; };
		52D97A0E1937809400AB8583 /* UIKit.framework */ = {isa = PBXFileReference; lastKnownFileType = wrapper.framework; name = UIKit.framework; path = System/Library/Frameworks/UIKit.framework; sourceTree = SDKROOT; };
		52D97A121937809500AB8583 /* AdsWizzManagerDemo-Info.plist */ = {isa = PBXFileReference; lastKnownFileType = text.plist.xml; path = "AdsWizzManagerDemo-Info.plist"; sourceTree = "<group>"; };
		52D97A141937809500AB8583 /* en */ = {isa = PBXFileReference; lastKnownFileType = text.plist.strings; name = en; path = en.lproj/InfoPlist.strings; sourceTree = "<group>"; };
		52D97A161937809500AB8583 /* main.m */ = {isa = PBXFileReference; lastKnownFileType = sourcecode.c.objc; path = main.m; sourceTree = "<group>"; };
		52D97A181937809500AB8583 /* AdsWizzManagerDemo-Prefix.pch */ = {isa = PBXFileReference; lastKnownFileType = sourcecode.c.h; path = "AdsWizzManagerDemo-Prefix.pch"; sourceTree = "<group>"; };
		52D97A191937809500AB8583 /* AppDelegate.h */ = {isa = PBXFileReference; lastKnownFileType = sourcecode.c.h; path = AppDelegate.h; sourceTree = "<group>"; };
		52D97A1A1937809500AB8583 /* AppDelegate.m */ = {isa = PBXFileReference; lastKnownFileType = sourcecode.c.objc; path = AppDelegate.m; sourceTree = "<group>"; };
		52D97A1D1937809500AB8583 /* Base */ = {isa = PBXFileReference; lastKnownFileType = file.storyboard; name = Base; path = Base.lproj/Main.storyboard; sourceTree = "<group>"; };
		52D97A1F1937809500AB8583 /* ViewController.h */ = {isa = PBXFileReference; lastKnownFileType = sourcecode.c.h; path = ViewController.h; sourceTree = "<group>"; };
		52D97A201937809500AB8583 /* ViewController.m */ = {isa = PBXFileReference; lastKnownFileType = sourcecode.c.objc; path = ViewController.m; sourceTree = "<group>"; };
		52D97A221937809600AB8583 /* Images.xcassets */ = {isa = PBXFileReference; lastKnownFileType = folder.assetcatalog; path = Images.xcassets; sourceTree = "<group>"; };
		52D97A281937809700AB8583 /* AdsWizzManagerDemoTests.xctest */ = {isa = PBXFileReference; explicitFileType = wrapper.cfbundle; includeInIndex = 0; path = AdsWizzManagerDemoTests.xctest; sourceTree = BUILT_PRODUCTS_DIR; };
		52D97A291937809700AB8583 /* XCTest.framework */ = {isa = PBXFileReference; lastKnownFileType = wrapper.framework; name = XCTest.framework; path = Library/Frameworks/XCTest.framework; sourceTree = DEVELOPER_DIR; };
		52D97A311937809700AB8583 /* AdsWizzManagerDemoTests-Info.plist */ = {isa = PBXFileReference; lastKnownFileType = text.plist.xml; path = "AdsWizzManagerDemoTests-Info.plist"; sourceTree = "<group>"; };
		52D97A331937809700AB8583 /* en */ = {isa = PBXFileReference; lastKnownFileType = text.plist.strings; name = en; path = en.lproj/InfoPlist.strings; sourceTree = "<group>"; };
		52D97A351937809700AB8583 /* AdsWizzManagerDemoTests.m */ = {isa = PBXFileReference; lastKnownFileType = sourcecode.c.objc; path = AdsWizzManagerDemoTests.m; sourceTree = "<group>"; };
		52ED88CF193DC2E800036951 /* AVFoundation.framework */ = {isa = PBXFileReference; lastKnownFileType = wrapper.framework; name = AVFoundation.framework; path = System/Library/Frameworks/AVFoundation.framework; sourceTree = SDKROOT; };
		E8A4F55B45014760B8A0B726 /* libPods.a */ = {isa = PBXFileReference; explicitFileType = archive.ar; includeInIndex = 0; path = libPods.a; sourceTree = BUILT_PRODUCTS_DIR; };
/* End PBXFileReference section */

/* Begin PBXFrameworksBuildPhase section */
		52D97A041937809300AB8583 /* Frameworks */ = {
			isa = PBXFrameworksBuildPhase;
			buildActionMask = 2147483647;
			files = (
				52ED88D0193DC2E800036951 /* AVFoundation.framework in Frameworks */,
				52D97A0D1937809400AB8583 /* CoreGraphics.framework in Frameworks */,
				52D97A0F1937809400AB8583 /* UIKit.framework in Frameworks */,
				52D97A0B1937809400AB8583 /* Foundation.framework in Frameworks */,
				4305D8206EF4402AAE23FD83 /* libPods.a in Frameworks */,
			);
			runOnlyForDeploymentPostprocessing = 0;
		};
		52D97A251937809700AB8583 /* Frameworks */ = {
			isa = PBXFrameworksBuildPhase;
			buildActionMask = 2147483647;
			files = (
				52D97A2A1937809700AB8583 /* XCTest.framework in Frameworks */,
				52D97A2C1937809700AB8583 /* UIKit.framework in Frameworks */,
				52D97A2B1937809700AB8583 /* Foundation.framework in Frameworks */,
			);
			runOnlyForDeploymentPostprocessing = 0;
		};
/* End PBXFrameworksBuildPhase section */

/* Begin PBXGroup section */
		52D979FE1937809100AB8583 = {
			isa = PBXGroup;
			children = (
				52D97A101937809400AB8583 /* AdsWizzManagerDemo */,
				52D97A2F1937809700AB8583 /* AdsWizzManagerDemoTests */,
				52D97A091937809400AB8583 /* Frameworks */,
				52D97A081937809400AB8583 /* Products */,
				48627A8EF8624282BB9B1131 /* Pods.xcconfig */,
			);
			sourceTree = "<group>";
		};
		52D97A081937809400AB8583 /* Products */ = {
			isa = PBXGroup;
			children = (
				52D97A071937809400AB8583 /* AdsWizzManagerDemo.app */,
				52D97A281937809700AB8583 /* AdsWizzManagerDemoTests.xctest */,
			);
			name = Products;
			sourceTree = "<group>";
		};
		52D97A091937809400AB8583 /* Frameworks */ = {
			isa = PBXGroup;
			children = (
				52ED88CF193DC2E800036951 /* AVFoundation.framework */,
				52D97A0A1937809400AB8583 /* Foundation.framework */,
				52D97A0C1937809400AB8583 /* CoreGraphics.framework */,
				52D97A0E1937809400AB8583 /* UIKit.framework */,
				52D97A291937809700AB8583 /* XCTest.framework */,
				E8A4F55B45014760B8A0B726 /* libPods.a */,
			);
			name = Frameworks;
			sourceTree = "<group>";
		};
		52D97A101937809400AB8583 /* AdsWizzManagerDemo */ = {
			isa = PBXGroup;
			children = (
				52D97A191937809500AB8583 /* AppDelegate.h */,
				52D97A1A1937809500AB8583 /* AppDelegate.m */,
				52D97A1C1937809500AB8583 /* Main.storyboard */,
				52D97A1F1937809500AB8583 /* ViewController.h */,
				52D97A201937809500AB8583 /* ViewController.m */,
				52D97A221937809600AB8583 /* Images.xcassets */,
				52D97A111937809500AB8583 /* Supporting Files */,
			);
			path = AdsWizzManagerDemo;
			sourceTree = "<group>";
		};
		52D97A111937809500AB8583 /* Supporting Files */ = {
			isa = PBXGroup;
			children = (
				52D97A121937809500AB8583 /* AdsWizzManagerDemo-Info.plist */,
				52D97A131937809500AB8583 /* InfoPlist.strings */,
				52D97A161937809500AB8583 /* main.m */,
				52D97A181937809500AB8583 /* AdsWizzManagerDemo-Prefix.pch */,
			);
			name = "Supporting Files";
			sourceTree = "<group>";
		};
		52D97A2F1937809700AB8583 /* AdsWizzManagerDemoTests */ = {
			isa = PBXGroup;
			children = (
				52D97A351937809700AB8583 /* AdsWizzManagerDemoTests.m */,
				52D97A301937809700AB8583 /* Supporting Files */,
			);
			path = AdsWizzManagerDemoTests;
			sourceTree = "<group>";
		};
		52D97A301937809700AB8583 /* Supporting Files */ = {
			isa = PBXGroup;
			children = (
				52D97A311937809700AB8583 /* AdsWizzManagerDemoTests-Info.plist */,
				52D97A321937809700AB8583 /* InfoPlist.strings */,
			);
			name = "Supporting Files";
			sourceTree = "<group>";
		};
/* End PBXGroup section */

/* Begin PBXNativeTarget section */
		52D97A061937809300AB8583 /* AdsWizzManagerDemo */ = {
			isa = PBXNativeTarget;
			buildConfigurationList = 52D97A391937809700AB8583 /* Build configuration list for PBXNativeTarget "AdsWizzManagerDemo" */;
			buildPhases = (
				8738E493A81049BCA150B417 /* Check Pods Manifest.lock */,
				52D97A031937809300AB8583 /* Sources */,
				52D97A041937809300AB8583 /* Frameworks */,
				52D97A051937809300AB8583 /* Resources */,
				C7D6A490C78346B6810765D0 /* Copy Pods Resources */,
			);
			buildRules = (
			);
			dependencies = (
			);
			name = AdsWizzManagerDemo;
			productName = AdsWizzManagerDemo;
			productReference = 52D97A071937809400AB8583 /* AdsWizzManagerDemo.app */;
			productType = "com.apple.product-type.application";
		};
		52D97A271937809700AB8583 /* AdsWizzManagerDemoTests */ = {
			isa = PBXNativeTarget;
			buildConfigurationList = 52D97A3C1937809700AB8583 /* Build configuration list for PBXNativeTarget "AdsWizzManagerDemoTests" */;
			buildPhases = (
				52D97A241937809700AB8583 /* Sources */,
				52D97A251937809700AB8583 /* Frameworks */,
				52D97A261937809700AB8583 /* Resources */,
			);
			buildRules = (
			);
			dependencies = (
				52D97A2E1937809700AB8583 /* PBXTargetDependency */,
			);
			name = AdsWizzManagerDemoTests;
			productName = AdsWizzManagerDemoTests;
			productReference = 52D97A281937809700AB8583 /* AdsWizzManagerDemoTests.xctest */;
			productType = "com.apple.product-type.bundle.unit-test";
		};
/* End PBXNativeTarget section */

/* Begin PBXProject section */
		52D979FF1937809100AB8583 /* Project object */ = {
			isa = PBXProject;
			attributes = {
				LastUpgradeCheck = 0510;
				ORGANIZATIONNAME = "Nelson Dominguez leon";
				TargetAttributes = {
					52D97A271937809700AB8583 = {
						TestTargetID = 52D97A061937809300AB8583;
					};
				};
			};
			buildConfigurationList = 52D97A021937809200AB8583 /* Build configuration list for PBXProject "AdsWizzManagerDemo" */;
			compatibilityVersion = "Xcode 3.2";
			developmentRegion = English;
			hasScannedForEncodings = 0;
			knownRegions = (
				en,
				Base,
			);
			mainGroup = 52D979FE1937809100AB8583;
			productRefGroup = 52D97A081937809400AB8583 /* Products */;
			projectDirPath = "";
			projectRoot = "";
			targets = (
				52D97A061937809300AB8583 /* AdsWizzManagerDemo */,
				52D97A271937809700AB8583 /* AdsWizzManagerDemoTests */,
			);
		};
/* End PBXProject section */

/* Begin PBXResourcesBuildPhase section */
		52D97A051937809300AB8583 /* Resources */ = {
			isa = PBXResourcesBuildPhase;
			buildActionMask = 2147483647;
			files = (
				52D97A231937809600AB8583 /* Images.xcassets in Resources */,
				52D97A151937809500AB8583 /* InfoPlist.strings in Resources */,
				52D97A1E1937809500AB8583 /* Main.storyboard in Resources */,
			);
			runOnlyForDeploymentPostprocessing = 0;
		};
		52D97A261937809700AB8583 /* Resources */ = {
			isa = PBXResourcesBuildPhase;
			buildActionMask = 2147483647;
			files = (
				52D97A341937809700AB8583 /* InfoPlist.strings in Resources */,
			);
			runOnlyForDeploymentPostprocessing = 0;
		};
/* End PBXResourcesBuildPhase section */

/* Begin PBXShellScriptBuildPhase section */
		8738E493A81049BCA150B417 /* Check Pods Manifest.lock */ = {
			isa = PBXShellScriptBuildPhase;
			buildActionMask = 2147483647;
			files = (
			);
			inputPaths = (
			);
			name = "Check Pods Manifest.lock";
			outputPaths = (
			);
			runOnlyForDeploymentPostprocessing = 0;
			shellPath = /bin/sh;
			shellScript = "diff \"${PODS_ROOT}/../Podfile.lock\" \"${PODS_ROOT}/Manifest.lock\" > /dev/null\nif [[ $? != 0 ]] ; then\n    cat << EOM\nerror: The sandbox is not in sync with the Podfile.lock. Run 'pod install' or update your CocoaPods installation.\nEOM\n    exit 1\nfi\n";
			showEnvVarsInLog = 0;
		};
		C7D6A490C78346B6810765D0 /* Copy Pods Resources */ = {
			isa = PBXShellScriptBuildPhase;
			buildActionMask = 2147483647;
			files = (
			);
			inputPaths = (
			);
			name = "Copy Pods Resources";
			outputPaths = (
			);
			runOnlyForDeploymentPostprocessing = 0;
			shellPath = /bin/sh;
			shellScript = "\"${SRCROOT}/Pods/Pods-resources.sh\"\n";
			showEnvVarsInLog = 0;
		};
/* End PBXShellScriptBuildPhase section */

/* Begin PBXSourcesBuildPhase section */
		52D97A031937809300AB8583 /* Sources */ = {
			isa = PBXSourcesBuildPhase;
			buildActionMask = 2147483647;
			files = (
				52D97A211937809500AB8583 /* ViewController.m in Sources */,
				52D97A1B1937809500AB8583 /* AppDelegate.m in Sources */,
				52D97A171937809500AB8583 /* main.m in Sources */,
			);
			runOnlyForDeploymentPostprocessing = 0;
		};
		52D97A241937809700AB8583 /* Sources */ = {
			isa = PBXSourcesBuildPhase;
			buildActionMask = 2147483647;
			files = (
				52D97A361937809700AB8583 /* AdsWizzManagerDemoTests.m in Sources */,
			);
			runOnlyForDeploymentPostprocessing = 0;
		};
/* End PBXSourcesBuildPhase section */

/* Begin PBXTargetDependency section */
		52D97A2E1937809700AB8583 /* PBXTargetDependency */ = {
			isa = PBXTargetDependency;
			target = 52D97A061937809300AB8583 /* AdsWizzManagerDemo */;
			targetProxy = 52D97A2D1937809700AB8583 /* PBXContainerItemProxy */;
		};
/* End PBXTargetDependency section */

/* Begin PBXVariantGroup section */
		52D97A131937809500AB8583 /* InfoPlist.strings */ = {
			isa = PBXVariantGroup;
			children = (
				52D97A141937809500AB8583 /* en */,
			);
			name = InfoPlist.strings;
			sourceTree = "<group>";
		};
		52D97A1C1937809500AB8583 /* Main.storyboard */ = {
			isa = PBXVariantGroup;
			children = (
				52D97A1D1937809500AB8583 /* Base */,
			);
			name = Main.storyboard;
			sourceTree = "<group>";
		};
		52D97A321937809700AB8583 /* InfoPlist.strings */ = {
			isa = PBXVariantGroup;
			children = (
				52D97A331937809700AB8583 /* en */,
			);
			name = InfoPlist.strings;
			sourceTree = "<group>";
		};
/* End PBXVariantGroup section */

/* Begin XCBuildConfiguration section */
		52D97A371937809700AB8583 /* Debug */ = {
			isa = XCBuildConfiguration;
			buildSettings = {
				ALWAYS_SEARCH_USER_PATHS = NO;
				CLANG_CXX_LANGUAGE_STANDARD = "gnu++0x";
				CLANG_CXX_LIBRARY = "libc++";
				CLANG_ENABLE_MODULES = YES;
				CLANG_ENABLE_OBJC_ARC = YES;
				CLANG_WARN_BOOL_CONVERSION = YES;
				CLANG_WARN_CONSTANT_CONVERSION = YES;
				CLANG_WARN_DIRECT_OBJC_ISA_USAGE = YES_ERROR;
				CLANG_WARN_EMPTY_BODY = YES;
				CLANG_WARN_ENUM_CONVERSION = YES;
				CLANG_WARN_INT_CONVERSION = YES;
				CLANG_WARN_OBJC_ROOT_CLASS = YES_ERROR;
				CLANG_WARN__DUPLICATE_METHOD_MATCH = YES;
				"CODE_SIGN_IDENTITY[sdk=iphoneos*]" = "iPhone Developer";
				COPY_PHASE_STRIP = NO;
				GCC_C_LANGUAGE_STANDARD = gnu99;
				GCC_DYNAMIC_NO_PIC = NO;
				GCC_OPTIMIZATION_LEVEL = 0;
				GCC_PREPROCESSOR_DEFINITIONS = (
					"DEBUG=1",
					"$(inherited)",
				);
				GCC_SYMBOLS_PRIVATE_EXTERN = NO;
				GCC_WARN_64_TO_32_BIT_CONVERSION = YES;
				GCC_WARN_ABOUT_RETURN_TYPE = YES_ERROR;
				GCC_WARN_UNDECLARED_SELECTOR = YES;
				GCC_WARN_UNINITIALIZED_AUTOS = YES_AGGRESSIVE;
				GCC_WARN_UNUSED_FUNCTION = YES;
				GCC_WARN_UNUSED_VARIABLE = YES;
				IPHONEOS_DEPLOYMENT_TARGET = 7.1;
				ONLY_ACTIVE_ARCH = YES;
				SDKROOT = iphoneos;
			};
			name = Debug;
		};
		52D97A381937809700AB8583 /* Release */ = {
			isa = XCBuildConfiguration;
			buildSettings = {
				ALWAYS_SEARCH_USER_PATHS = NO;
				CLANG_CXX_LANGUAGE_STANDARD = "gnu++0x";
				CLANG_CXX_LIBRARY = "libc++";
				CLANG_ENABLE_MODULES = YES;
				CLANG_ENABLE_OBJC_ARC = YES;
				CLANG_WARN_BOOL_CONVERSION = YES;
				CLANG_WARN_CONSTANT_CONVERSION = YES;
				CLANG_WARN_DIRECT_OBJC_ISA_USAGE = YES_ERROR;
				CLANG_WARN_EMPTY_BODY = YES;
				CLANG_WARN_ENUM_CONVERSION = YES;
				CLANG_WARN_INT_CONVERSION = YES;
				CLANG_WARN_OBJC_ROOT_CLASS = YES_ERROR;
				CLANG_WARN__DUPLICATE_METHOD_MATCH = YES;
				"CODE_SIGN_IDENTITY[sdk=iphoneos*]" = "iPhone Developer";
				COPY_PHASE_STRIP = YES;
				ENABLE_NS_ASSERTIONS = NO;
				GCC_C_LANGUAGE_STANDARD = gnu99;
				GCC_WARN_64_TO_32_BIT_CONVERSION = YES;
				GCC_WARN_ABOUT_RETURN_TYPE = YES_ERROR;
				GCC_WARN_UNDECLARED_SELECTOR = YES;
				GCC_WARN_UNINITIALIZED_AUTOS = YES_AGGRESSIVE;
				GCC_WARN_UNUSED_FUNCTION = YES;
				GCC_WARN_UNUSED_VARIABLE = YES;
				IPHONEOS_DEPLOYMENT_TARGET = 7.1;
				SDKROOT = iphoneos;
				VALIDATE_PRODUCT = YES;
			};
			name = Release;
		};
		52D97A3A1937809700AB8583 /* Debug */ = {
			isa = XCBuildConfiguration;
			baseConfigurationReference = 48627A8EF8624282BB9B1131 /* Pods.xcconfig */;
			buildSettings = {
				ASSETCATALOG_COMPILER_APPICON_NAME = AppIcon;
				ASSETCATALOG_COMPILER_LAUNCHIMAGE_NAME = LaunchImage;
				GCC_PRECOMPILE_PREFIX_HEADER = YES;
				GCC_PREFIX_HEADER = "AdsWizzManagerDemo/AdsWizzManagerDemo-Prefix.pch";
				INFOPLIST_FILE = "AdsWizzManagerDemo/AdsWizzManagerDemo-Info.plist";
				PRODUCT_NAME = "$(TARGET_NAME)";
				WRAPPER_EXTENSION = app;
			};
			name = Debug;
		};
		52D97A3B1937809700AB8583 /* Release */ = {
			isa = XCBuildConfiguration;
			baseConfigurationReference = 48627A8EF8624282BB9B1131 /* Pods.xcconfig */;
			buildSettings = {
				ASSETCATALOG_COMPILER_APPICON_NAME = AppIcon;
				ASSETCATALOG_COMPILER_LAUNCHIMAGE_NAME = LaunchImage;
				GCC_PRECOMPILE_PREFIX_HEADER = YES;
				GCC_PREFIX_HEADER = "AdsWizzManagerDemo/AdsWizzManagerDemo-Prefix.pch";
				INFOPLIST_FILE = "AdsWizzManagerDemo/AdsWizzManagerDemo-Info.plist";
				PRODUCT_NAME = "$(TARGET_NAME)";
				WRAPPER_EXTENSION = app;
			};
			name = Release;
		};
		52D97A3D1937809700AB8583 /* Debug */ = {
			isa = XCBuildConfiguration;
			buildSettings = {
				BUNDLE_LOADER = "$(BUILT_PRODUCTS_DIR)/AdsWizzManagerDemo.app/AdsWizzManagerDemo";
				FRAMEWORK_SEARCH_PATHS = (
					"$(SDKROOT)/Developer/Library/Frameworks",
					"$(inherited)",
					"$(DEVELOPER_FRAMEWORKS_DIR)",
				);
				GCC_PRECOMPILE_PREFIX_HEADER = YES;
				GCC_PREFIX_HEADER = "AdsWizzManagerDemo/AdsWizzManagerDemo-Prefix.pch";
				GCC_PREPROCESSOR_DEFINITIONS = (
					"DEBUG=1",
					"$(inherited)",
				);
				INFOPLIST_FILE = "AdsWizzManagerDemoTests/AdsWizzManagerDemoTests-Info.plist";
				PRODUCT_NAME = "$(TARGET_NAME)";
				TEST_HOST = "$(BUNDLE_LOADER)";
				WRAPPER_EXTENSION = xctest;
			};
			name = Debug;
		};
		52D97A3E1937809700AB8583 /* Release */ = {
			isa = XCBuildConfiguration;
			buildSettings = {
				BUNDLE_LOADER = "$(BUILT_PRODUCTS_DIR)/AdsWizzManagerDemo.app/AdsWizzManagerDemo";
				FRAMEWORK_SEARCH_PATHS = (
					"$(SDKROOT)/Developer/Library/Frameworks",
					"$(inherited)",
					"$(DEVELOPER_FRAMEWORKS_DIR)",
				);
				GCC_PRECOMPILE_PREFIX_HEADER = YES;
				GCC_PREFIX_HEADER = "AdsWizzManagerDemo/AdsWizzManagerDemo-Prefix.pch";
				INFOPLIST_FILE = "AdsWizzManagerDemoTests/AdsWizzManagerDemoTests-Info.plist";
				PRODUCT_NAME = "$(TARGET_NAME)";
				TEST_HOST = "$(BUNDLE_LOADER)";
				WRAPPER_EXTENSION = xctest;
			};
			name = Release;
		};
/* End XCBuildConfiguration section */

/* Begin XCConfigurationList section */
		52D97A021937809200AB8583 /* Build configuration list for PBXProject "AdsWizzManagerDemo" */ = {
			isa = XCConfigurationList;
			buildConfigurations = (
				52D97A371937809700AB8583 /* Debug */,
				52D97A381937809700AB8583 /* Release */,
			);
			defaultConfigurationIsVisible = 0;
			defaultConfigurationName = Release;
		};
		52D97A391937809700AB8583 /* Build configuration list for PBXNativeTarget "AdsWizzManagerDemo" */ = {
			isa = XCConfigurationList;
			buildConfigurations = (
				52D97A3A1937809700AB8583 /* Debug */,
				52D97A3B1937809700AB8583 /* Release */,
			);
			defaultConfigurationIsVisible = 0;
			defaultConfigurationName = Release;
		};
		52D97A3C1937809700AB8583 /* Build configuration list for PBXNativeTarget "AdsWizzManagerDemoTests" */ = {
			isa = XCConfigurationList;
			buildConfigurations = (
				52D97A3D1937809700AB8583 /* Debug */,
				52D97A3E1937809700AB8583 /* Release */,
			);
			defaultConfigurationIsVisible = 0;
			defaultConfigurationName = Release;
		};
/* End XCConfigurationList section */
	};
	rootObject = 52D979FF1937809100AB8583 /* Project object */;
}
